
Microsoft Visual Studio Solution File, Format Version 12.00
# Visual Studio Version 17
VisualStudioVersion = 17.12.35707.178
MinimumVisualStudioVersion = 10.0.40219.1
Project("{2150E333-8FDC-42A3-9474-1A3956D46DE8}") = "3. Nucleo", "3. Nucleo", "{88A5C51B-FF6D-4D92-8120-8CADBAF49164}"
EndProject
Project("{FAE04EC0-301F-11D3-BF4B-00C04F79EFBC}") = "lib_dominio", "lib_dominio\lib_dominio.csproj", "{B4AC90CF-4135-4143-B16F-7E629CF5552A}"
EndProject
Project("{2150E333-8FDC-42A3-9474-1A3956D46DE8}") = "1. Presentacion", "1. Presentacion", "{02EA681E-C7D8-13C7-8484-4AC65E1B71E8}"
EndProject
Project("{2150E333-8FDC-42A3-9474-1A3956D46DE8}") = "2. Servicios", "2. Servicios", "{3BC1C7F9-7912-418A-824A-2A85FB4810AB}"
EndProject
Project("{FAE04EC0-301F-11D3-BF4B-00C04F79EFBC}") = "lib_repositorios", "lib_repositorios\lib_repositorios.csproj", "{75895A1B-76EE-43B3-AC76-4E080108816D}"
EndProject
Project("{2150E333-8FDC-42A3-9474-1A3956D46DE8}") = "Elementos de la solución", "Elementos de la solución", "{D107F4C8-89CC-BEA8-D3D7-CA6B7733353D}"
	ProjectSection(SolutionItems) = preProject
		secrets.json = secrets.json
	EndProjectSection
EndProject
Project("{FAE04EC0-301F-11D3-BF4B-00C04F79EFBC}") = "lib_aplicaciones", "lib_aplicaciones\lib_aplicaciones.csproj", "{3455885C-8969-41FA-9983-BB8BA82D4FEB}"
EndProject
Project("{FAE04EC0-301F-11D3-BF4B-00C04F79EFBC}") = "asp_servicios", "asp_servicios\asp_servicios.csproj", "{2CA629FE-8071-4AD2-A3AF-19093449F665}"
EndProject
Project("{FAE04EC0-301F-11D3-BF4B-00C04F79EFBC}") = "lib_presentaciones", "lib_presentaciones\lib_presentaciones.csproj", "{704C0C14-08C6-4D85-A95C-F74D3D9250AB}"
EndProject
Global
	GlobalSection(SolutionConfigurationPlatforms) = preSolution
		Debug|Any CPU = Debug|Any CPU
		Release|Any CPU = Release|Any CPU
	EndGlobalSection
	GlobalSection(ProjectConfigurationPlatforms) = postSolution
		{B4AC90CF-4135-4143-B16F-7E629CF5552A}.Debug|Any CPU.ActiveCfg = Debug|Any CPU
		{B4AC90CF-4135-4143-B16F-7E629CF5552A}.Debug|Any CPU.Build.0 = Debug|Any CPU
		{B4AC90CF-4135-4143-B16F-7E629CF5552A}.Release|Any CPU.ActiveCfg = Release|Any CPU
		{B4AC90CF-4135-4143-B16F-7E629CF5552A}.Release|Any CPU.Build.0 = Release|Any CPU
		{75895A1B-76EE-43B3-AC76-4E080108816D}.Debug|Any CPU.ActiveCfg = Debug|Any CPU
		{75895A1B-76EE-43B3-AC76-4E080108816D}.Debug|Any CPU.Build.0 = Debug|Any CPU
		{75895A1B-76EE-43B3-AC76-4E080108816D}.Release|Any CPU.ActiveCfg = Release|Any CPU
		{75895A1B-76EE-43B3-AC76-4E080108816D}.Release|Any CPU.Build.0 = Release|Any CPU
		{3455885C-8969-41FA-9983-BB8BA82D4FEB}.Debug|Any CPU.ActiveCfg = Debug|Any CPU
		{3455885C-8969-41FA-9983-BB8BA82D4FEB}.Debug|Any CPU.Build.0 = Debug|Any CPU
		{3455885C-8969-41FA-9983-BB8BA82D4FEB}.Release|Any CPU.ActiveCfg = Release|Any CPU
		{3455885C-8969-41FA-9983-BB8BA82D4FEB}.Release|Any CPU.Build.0 = Release|Any CPU
		{2CA629FE-8071-4AD2-A3AF-19093449F665}.Debug|Any CPU.ActiveCfg = Debug|Any CPU
		{2CA629FE-8071-4AD2-A3AF-19093449F665}.Debug|Any CPU.Build.0 = Debug|Any CPU
		{2CA629FE-8071-4AD2-A3AF-19093449F665}.Release|Any CPU.ActiveCfg = Release|Any CPU
		{2CA629FE-8071-4AD2-A3AF-19093449F665}.Release|Any CPU.Build.0 = Release|Any CPU
		{704C0C14-08C6-4D85-A95C-F74D3D9250AB}.Debug|Any CPU.ActiveCfg = Debug|Any CPU
		{704C0C14-08C6-4D85-A95C-F74D3D9250AB}.Debug|Any CPU.Build.0 = Debug|Any CPU
		{704C0C14-08C6-4D85-A95C-F74D3D9250AB}.Release|Any CPU.ActiveCfg = Release|Any CPU
		{704C0C14-08C6-4D85-A95C-F74D3D9250AB}.Release|Any CPU.Build.0 = Release|Any CPU
	EndGlobalSection
	GlobalSection(SolutionProperties) = preSolution
		HideSolutionNode = FALSE
	EndGlobalSection
	GlobalSection(NestedProjects) = preSolution
		{B4AC90CF-4135-4143-B16F-7E629CF5552A} = {88A5C51B-FF6D-4D92-8120-8CADBAF49164}
		{75895A1B-76EE-43B3-AC76-4E080108816D} = {3BC1C7F9-7912-418A-824A-2A85FB4810AB}
		{3455885C-8969-41FA-9983-BB8BA82D4FEB} = {3BC1C7F9-7912-418A-824A-2A85FB4810AB}
		{2CA629FE-8071-4AD2-A3AF-19093449F665} = {3BC1C7F9-7912-418A-824A-2A85FB4810AB}
		{704C0C14-08C6-4D85-A95C-F74D3D9250AB} = {02EA681E-C7D8-13C7-8484-4AC65E1B71E8}
	EndGlobalSection
	GlobalSection(ExtensibilityGlobals) = postSolution
		SolutionGuid = {2BB8B297-19B7-4EB5-BB48-66DB414C5D23}
	EndGlobalSection
EndGlobal
